{
  "name": "nextjs",
  "version": "0.1.0",
  "lockfileVersion": 2,
  "requires": true,
  "packages": {
    "": {
      "name": "nextjs",
      "version": "0.1.0",
      "dependencies": {
        "@types/node": "18.14.2",
        "@types/react": "18.0.28",
        "@types/react-dom": "18.0.11",
        "flagsmith-es": "^3.18.0",
        "next": "13.2.1",
        "react": "18.3.0-next-fecc288b7-20221025",
        "react-dom": "18.3.0-next-fecc288b7-20221025",
        "typescript": "4.9.5"
      }
    },
    "node_modules/@next/env": {
      "version": "13.2.1",
      "resolved": "https://registry.npmjs.org/@next/env/-/env-13.2.1.tgz",
      "integrity": "sha512-Hq+6QZ6kgmloCg8Kgrix+4F0HtvLqVK3FZAnlAoS0eonaDemHe1Km4kwjSWRE3JNpJNcKxFHF+jsZrYo0SxWoQ=="
    },
    "node_modules/@next/swc-android-arm-eabi": {
      "version": "13.2.1",
      "resolved": "https://registry.npmjs.org/@next/swc-android-arm-eabi/-/swc-android-arm-eabi-13.2.1.tgz",
      "integrity": "sha512-Yua7mUpEd1wzIT6Jjl3dpRizIfGp9NR4F2xeRuQv+ae+SDI1Em2WyM9m46UL+oeW5GpMiEHoaBagr47RScZFmQ==",
      "cpu": [
        "arm"
      ],
      "optional": true,
      "os": [
        "android"
      ],
      "engines": {
        "node": ">= 10"
      }
    },
    "node_modules/@next/swc-android-arm64": {
      "version": "13.2.1",
      "resolved": "https://registry.npmjs.org/@next/swc-android-arm64/-/swc-android-arm64-13.2.1.tgz",
      "integrity": "sha512-Bifcr2f6VwInOdq1uH/9lp8fH7Nf7XGkIx4XceVd32LPJqG2c6FZU8ZRBvTdhxzXVpt5TPtuXhOP4Ij9UPqsVw==",
      "cpu": [
        "arm64"
      ],
      "optional": true,
      "os": [
        "android"
      ],
      "engines": {
        "node": ">= 10"
      }
    },
    "node_modules/@next/swc-darwin-arm64": {
      "version": "13.2.1",
      "resolved": "https://registry.npmjs.org/@next/swc-darwin-arm64/-/swc-darwin-arm64-13.2.1.tgz",
      "integrity": "sha512-gvqm+fGMYxAkwBapH0Vvng5yrb6HTkIvZfY4oEdwwYrwuLdkjqnJygCMgpNqIFmAHSXgtlWxfYv1VC8sjN81Kw==",
      "cpu": [
        "arm64"
      ],
      "optional": true,
      "os": [
        "darwin"
      ],
      "engines": {
        "node": ">= 10"
      }
    },
    "node_modules/@next/swc-darwin-x64": {
      "version": "13.2.1",
      "resolved": "https://registry.npmjs.org/@next/swc-darwin-x64/-/swc-darwin-x64-13.2.1.tgz",
      "integrity": "sha512-HGqVqmaZWj6zomqOZUVbO5NhlABL0iIaxTmd0O5B0MoMa5zpDGoaHSG+fxgcWMXcGcxmUNchv1NfNOYiTKoHOg==",
      "cpu": [
        "x64"
      ],
      "optional": true,
      "os": [
        "darwin"
      ],
      "engines": {
        "node": ">= 10"
      }
    },
    "node_modules/@next/swc-freebsd-x64": {
      "version": "13.2.1",
      "resolved": "https://registry.npmjs.org/@next/swc-freebsd-x64/-/swc-freebsd-x64-13.2.1.tgz",
      "integrity": "sha512-N/a4JarAq+E+g+9K2ywJUmDIgU2xs2nA+BBldH0oq4zYJMRiUhL0iaN9G4e72VmGOJ61L/3W6VN8RIUOwTLoqQ==",
      "cpu": [
        "x64"
      ],
      "optional": true,
      "os": [
        "freebsd"
      ],
      "engines": {
        "node": ">= 10"
      }
    },
    "node_modules/@next/swc-linux-arm-gnueabihf": {
      "version": "13.2.1",
      "resolved": "https://registry.npmjs.org/@next/swc-linux-arm-gnueabihf/-/swc-linux-arm-gnueabihf-13.2.1.tgz",
      "integrity": "sha512-WaFoerF/eRbhbE57TaIGJXbQAERADZ/RZ45u6qox9beb5xnWsyYgzX+WuN7Tkhyvga0/aMuVYFzS9CEay7D+bw==",
      "cpu": [
        "arm"
      ],
      "optional": true,
      "os": [
        "linux"
      ],
      "engines": {
        "node": ">= 10"
      }
    },
    "node_modules/@next/swc-linux-arm64-gnu": {
      "version": "13.2.1",
      "resolved": "https://registry.npmjs.org/@next/swc-linux-arm64-gnu/-/swc-linux-arm64-gnu-13.2.1.tgz",
      "integrity": "sha512-R+Jhc1/RJTnncE9fkePboHDNOCm1WJ8daanWbjKhfPySMyeniKYRwGn5SLYW3S8YlRS0QVdZaaszDSZWgUcsmA==",
      "cpu": [
        "arm64"
      ],
      "optional": true,
      "os": [
        "linux"
      ],
      "engines": {
        "node": ">= 10"
      }
    },
    "node_modules/@next/swc-linux-arm64-musl": {
      "version": "13.2.1",
      "resolved": "https://registry.npmjs.org/@next/swc-linux-arm64-musl/-/swc-linux-arm64-musl-13.2.1.tgz",
      "integrity": "sha512-oI1UfZPidGAVddlL2eOTmfsuKV9EaT1aktIzVIxIAgxzQSdwsV371gU3G55ggkurzfdlgF3GThFePDWF0d8dmw==",
      "cpu": [
        "arm64"
      ],
      "optional": true,
      "os": [
        "linux"
      ],
      "engines": {
        "node": ">= 10"
      }
    },
    "node_modules/@next/swc-linux-x64-gnu": {
      "version": "13.2.1",
      "resolved": "https://registry.npmjs.org/@next/swc-linux-x64-gnu/-/swc-linux-x64-gnu-13.2.1.tgz",
      "integrity": "sha512-PCygPwrQmS+7WUuAWWioWMZCzZm4PG91lfRxToLDg7yIm/3YfAw5N2EK2TaM9pzlWdvHQAqRMX/oLvv027xUiA==",
      "cpu": [
        "x64"
      ],
      "optional": true,
      "os": [
        "linux"
      ],
      "engines": {
        "node": ">= 10"
      }
    },
    "node_modules/@next/swc-linux-x64-musl": {
      "version": "13.2.1",
      "resolved": "https://registry.npmjs.org/@next/swc-linux-x64-musl/-/swc-linux-x64-musl-13.2.1.tgz",
      "integrity": "sha512-sUAKxo7CFZYGHNxheGh9nIBElLYBM6md/liEGfOTwh/xna4/GTTcmkGWkF7PdnvaYNgcPIQgHIMYiAa6yBKAVw==",
      "cpu": [
        "x64"
      ],
      "optional": true,
      "os": [
        "linux"
      ],
      "engines": {
        "node": ">= 10"
      }
    },
    "node_modules/@next/swc-win32-arm64-msvc": {
      "version": "13.2.1",
      "resolved": "https://registry.npmjs.org/@next/swc-win32-arm64-msvc/-/swc-win32-arm64-msvc-13.2.1.tgz",
      "integrity": "sha512-qDmyEjDBpl/vBXxuOOKKWmPQOcARcZIMach1s7kjzaien0SySut/PHRlj56sosa81Wt4hTGhfhZ1R7g1n7+B8w==",
      "cpu": [
        "arm64"
      ],
      "optional": true,
      "os": [
        "win32"
      ],
      "engines": {
        "node": ">= 10"
      }
    },
    "node_modules/@next/swc-win32-ia32-msvc": {
      "version": "13.2.1",
      "resolved": "https://registry.npmjs.org/@next/swc-win32-ia32-msvc/-/swc-win32-ia32-msvc-13.2.1.tgz",
      "integrity": "sha512-2joqFQ81ZYPg6DcikIzQn3DgjKglNhPAozx6dL5sCNkr1CPMD0YIkJgT3CnYyMHQ04Qi3Npv0XX3MD6LJO8OCA==",
      "cpu": [
        "ia32"
      ],
      "optional": true,
      "os": [
        "win32"
      ],
      "engines": {
        "node": ">= 10"
      }
    },
    "node_modules/@next/swc-win32-x64-msvc": {
      "version": "13.2.1",
      "resolved": "https://registry.npmjs.org/@next/swc-win32-x64-msvc/-/swc-win32-x64-msvc-13.2.1.tgz",
      "integrity": "sha512-r3+0fSaIZT6N237iMzwUhfNwjhAFvXjqB+4iuW+wcpxW+LHm1g/IoxN8eSRcb8jPItC86JxjAxpke0QL97qd6g==",
      "cpu": [
        "x64"
      ],
      "optional": true,
      "os": [
        "win32"
      ],
      "engines": {
        "node": ">= 10"
      }
    },
    "node_modules/@swc/helpers": {
      "version": "0.4.14",
      "resolved": "https://registry.npmjs.org/@swc/helpers/-/helpers-0.4.14.tgz",
      "integrity": "sha512-4C7nX/dvpzB7za4Ql9K81xK3HPxCpHMgwTZVyf+9JQ6VUbn9jjZVN7/Nkdz/Ugzs2CSjqnL/UPXroiVBVHUWUw==",
      "dependencies": {
        "tslib": "^2.4.0"
      }
    },
    "node_modules/@types/node": {
      "version": "18.14.2",
      "resolved": "https://registry.npmjs.org/@types/node/-/node-18.14.2.tgz",
      "integrity": "sha512-1uEQxww3DaghA0RxqHx0O0ppVlo43pJhepY51OxuQIKHpjbnYLA7vcdwioNPzIqmC2u3I/dmylcqjlh0e7AyUA=="
    },
    "node_modules/@types/prop-types": {
      "version": "15.7.5",
      "resolved": "https://registry.npmjs.org/@types/prop-types/-/prop-types-15.7.5.tgz",
      "integrity": "sha512-JCB8C6SnDoQf0cNycqd/35A7MjcnK+ZTqE7judS6o7utxUCg6imJg3QK2qzHKszlTjcj2cn+NwMB2i96ubpj7w=="
    },
    "node_modules/@types/react": {
      "version": "18.0.28",
      "resolved": "https://registry.npmjs.org/@types/react/-/react-18.0.28.tgz",
      "integrity": "sha512-RD0ivG1kEztNBdoAK7lekI9M+azSnitIn85h4iOiaLjaTrMjzslhaqCGaI4IyCJ1RljWiLCEu4jyrLLgqxBTew==",
      "dependencies": {
        "@types/prop-types": "*",
        "@types/scheduler": "*",
        "csstype": "^3.0.2"
      }
    },
    "node_modules/@types/react-dom": {
      "version": "18.0.11",
      "resolved": "https://registry.npmjs.org/@types/react-dom/-/react-dom-18.0.11.tgz",
      "integrity": "sha512-O38bPbI2CWtgw/OoQoY+BRelw7uysmXbWvw3nLWO21H1HSh+GOlqPuXshJfjmpNlKiiSDG9cc1JZAaMmVdcTlw==",
      "dependencies": {
        "@types/react": "*"
      }
    },
    "node_modules/@types/scheduler": {
      "version": "0.16.2",
      "resolved": "https://registry.npmjs.org/@types/scheduler/-/scheduler-0.16.2.tgz",
      "integrity": "sha512-hppQEBDmlwhFAXKJX2KnWLYu5yMfi91yazPb2l+lbJiwW+wdo1gNeRA+3RgNSO39WYX2euey41KEwnqesU2Jew=="
    },
    "node_modules/caniuse-lite": {
      "version": "1.0.30001458",
      "resolved": "https://registry.npmjs.org/caniuse-lite/-/caniuse-lite-1.0.30001458.tgz",
      "integrity": "sha512-lQ1VlUUq5q9ro9X+5gOEyH7i3vm+AYVT1WDCVB69XOZ17KZRhnZ9J0Sqz7wTHQaLBJccNCHq8/Ww5LlOIZbB0w==",
      "funding": [
        {
          "type": "opencollective",
          "url": "https://opencollective.com/browserslist"
        },
        {
          "type": "tidelift",
          "url": "https://tidelift.com/funding/github/npm/caniuse-lite"
        }
      ]
    },
    "node_modules/client-only": {
      "version": "0.0.1",
      "resolved": "https://registry.npmjs.org/client-only/-/client-only-0.0.1.tgz",
      "integrity": "sha512-IV3Ou0jSMzZrd3pZ48nLkT9DA7Ag1pnPzaiQhpW7c3RbcqqzvzzVu+L8gfqMp/8IM2MQtSiqaCxrrcfu8I8rMA=="
    },
    "node_modules/csstype": {
      "version": "3.1.1",
      "resolved": "https://registry.npmjs.org/csstype/-/csstype-3.1.1.tgz",
      "integrity": "sha512-DJR/VvkAvSZW9bTouZue2sSxDwdTN92uHjqeKVm+0dAqdfNykRzQ95tay8aXMBAAPpUiq4Qcug2L7neoRh2Egw=="
    },
    "node_modules/flagsmith-es": {
      "version": "3.17.0-beta-7",
      "resolved": "https://registry.npmjs.org/flagsmith-es/-/flagsmith-es-3.17.0-beta-7.tgz",
      "integrity": "sha512-tkK2JMYek1u1A0peitlEYNSMTO0dVEk++d0+px5fzvwrRqYSfFuQhv+aOr1pcPA3/xEJfvCvNDfZIZTwD28d5w=="
    },
    "node_modules/js-tokens": {
      "version": "4.0.0",
      "resolved": "https://registry.npmjs.org/js-tokens/-/js-tokens-4.0.0.tgz",
      "integrity": "sha512-RdJUflcE3cUzKiMqQgsCu06FPu9UdIJO0beYbPhHN4k6apgJtifcoCtT9bcxOpYBtpD2kCM6Sbzg4CausW/PKQ=="
    },
    "node_modules/loose-envify": {
      "version": "1.4.0",
      "resolved": "https://registry.npmjs.org/loose-envify/-/loose-envify-1.4.0.tgz",
      "integrity": "sha512-lyuxPGr/Wfhrlem2CL/UcnUc1zcqKAImBDzukY7Y5F/yQiNdko6+fRLevlw1HgMySw7f611UIY408EtxRSoK3Q==",
      "dependencies": {
        "js-tokens": "^3.0.0 || ^4.0.0"
      },
      "bin": {
        "loose-envify": "cli.js"
      }
    },
    "node_modules/nanoid": {
      "version": "3.3.4",
      "resolved": "https://registry.npmjs.org/nanoid/-/nanoid-3.3.4.tgz",
      "integrity": "sha512-MqBkQh/OHTS2egovRtLk45wEyNXwF+cokD+1YPf9u5VfJiRdAiRwB2froX5Co9Rh20xs4siNPm8naNotSD6RBw==",
      "bin": {
        "nanoid": "bin/nanoid.cjs"
      },
      "engines": {
        "node": "^10 || ^12 || ^13.7 || ^14 || >=15.0.1"
      }
    },
    "node_modules/next": {
      "version": "13.2.1",
      "resolved": "https://registry.npmjs.org/next/-/next-13.2.1.tgz",
      "integrity": "sha512-qhgJlDtG0xidNViJUPeQHLGJJoT4zDj/El7fP3D3OzpxJDUfxsm16cK4WTMyvSX1ciIfAq05u+0HqFAa+VJ+Hg==",
      "dependencies": {
        "@next/env": "13.2.1",
        "@swc/helpers": "0.4.14",
        "caniuse-lite": "^1.0.30001406",
        "postcss": "8.4.14",
        "styled-jsx": "5.1.1"
      },
      "bin": {
        "next": "dist/bin/next"
      },
      "engines": {
        "node": ">=14.6.0"
      },
      "optionalDependencies": {
        "@next/swc-android-arm-eabi": "13.2.1",
        "@next/swc-android-arm64": "13.2.1",
        "@next/swc-darwin-arm64": "13.2.1",
        "@next/swc-darwin-x64": "13.2.1",
        "@next/swc-freebsd-x64": "13.2.1",
        "@next/swc-linux-arm-gnueabihf": "13.2.1",
        "@next/swc-linux-arm64-gnu": "13.2.1",
        "@next/swc-linux-arm64-musl": "13.2.1",
        "@next/swc-linux-x64-gnu": "13.2.1",
        "@next/swc-linux-x64-musl": "13.2.1",
        "@next/swc-win32-arm64-msvc": "13.2.1",
        "@next/swc-win32-ia32-msvc": "13.2.1",
        "@next/swc-win32-x64-msvc": "13.2.1"
      },
      "peerDependencies": {
        "@opentelemetry/api": "^1.4.0",
        "fibers": ">= 3.1.0",
        "node-sass": "^6.0.0 || ^7.0.0",
        "react": "^18.2.0",
        "react-dom": "^18.2.0",
        "sass": "^1.3.0"
      },
      "peerDependenciesMeta": {
        "@opentelemetry/api": {
          "optional": true
        },
        "fibers": {
          "optional": true
        },
        "node-sass": {
          "optional": true
        },
        "sass": {
          "optional": true
        }
      }
    },
    "node_modules/next/node_modules/styled-jsx": {
      "version": "5.1.1",
      "resolved": "https://registry.npmjs.org/styled-jsx/-/styled-jsx-5.1.1.tgz",
      "integrity": "sha512-pW7uC1l4mBZ8ugbiZrcIsiIvVx1UmTfw7UkC3Um2tmfUq9Bhk8IiyEIPl6F8agHgjzku6j0xQEZbfA5uSgSaCw==",
      "dependencies": {
        "client-only": "0.0.1"
      },
      "engines": {
        "node": ">= 12.0.0"
      },
      "peerDependencies": {
        "react": ">= 16.8.0 || 17.x.x || ^18.0.0-0"
      },
      "peerDependenciesMeta": {
        "@babel/core": {
          "optional": true
        },
        "babel-plugin-macros": {
          "optional": true
        }
      }
    },
    "node_modules/picocolors": {
      "version": "1.0.0",
      "resolved": "https://registry.npmjs.org/picocolors/-/picocolors-1.0.0.tgz",
      "integrity": "sha512-1fygroTLlHu66zi26VoTDv8yRgm0Fccecssto+MhsZ0D/DGW2sm8E8AjW7NU5VVTRt5GxbeZ5qBuJr+HyLYkjQ=="
    },
    "node_modules/postcss": {
      "version": "8.4.14",
      "resolved": "https://registry.npmjs.org/postcss/-/postcss-8.4.14.tgz",
      "integrity": "sha512-E398TUmfAYFPBSdzgeieK2Y1+1cpdxJx8yXbK/m57nRhKSmk1GB2tO4lbLBtlkfPQTDKfe4Xqv1ASWPpayPEig==",
      "funding": [
        {
          "type": "opencollective",
          "url": "https://opencollective.com/postcss/"
        },
        {
          "type": "tidelift",
          "url": "https://tidelift.com/funding/github/npm/postcss"
        }
      ],
      "dependencies": {
        "nanoid": "^3.3.4",
        "picocolors": "^1.0.0",
        "source-map-js": "^1.0.2"
      },
      "engines": {
        "node": "^10 || ^12 || >=14"
      }
    },
    "node_modules/react": {
      "version": "18.3.0-next-fecc288b7-20221025",
      "resolved": "https://registry.npmjs.org/react/-/react-18.3.0-next-fecc288b7-20221025.tgz",
      "integrity": "sha512-lKvCNWRO9XPy8q7hLd0ODK/4Oqr54r3Vr49Y7EyNBz/kfsmNT6Vx0F69KRz/eGcbt1XDvtbA7KZd+mh8w3wONQ==",
      "dependencies": {
        "loose-envify": "^1.1.0"
      },
      "engines": {
        "node": ">=0.10.0"
      }
    },
    "node_modules/react-dom": {
      "version": "18.3.0-next-fecc288b7-20221025",
      "resolved": "https://registry.npmjs.org/react-dom/-/react-dom-18.3.0-next-fecc288b7-20221025.tgz",
      "integrity": "sha512-EczZNIcOXzLFyPhSXpplVFekfUvbtHRC68TVAPfCopn8YxjMg2ROVgYs1VdSnEu2JlXKvpeIbjexAuhDprsp/A==",
      "dependencies": {
        "loose-envify": "^1.1.0",
        "scheduler": "0.24.0-next-fecc288b7-20221025"
      },
      "peerDependencies": {
        "react": "18.3.0-next-fecc288b7-20221025"
      }
    },
    "node_modules/scheduler": {
      "version": "0.24.0-next-fecc288b7-20221025",
      "resolved": "https://registry.npmjs.org/scheduler/-/scheduler-0.24.0-next-fecc288b7-20221025.tgz",
      "integrity": "sha512-D2r7z/2EbRXXz4k8XRQab2l71zARIwmZzLLGPAM936/dW1iF835+FMwnOe4Iep96vNJAdQavqJBP4Fm+/MadsQ==",
      "dependencies": {
        "loose-envify": "^1.1.0"
      }
    },
    "node_modules/source-map-js": {
      "version": "1.0.2",
      "resolved": "https://registry.npmjs.org/source-map-js/-/source-map-js-1.0.2.tgz",
      "integrity": "sha512-R0XvVJ9WusLiqTCEiGCmICCMplcCkIwwR11mOSD9CR5u+IXYdiseeEuXCVAjS54zqwkLcPNnmU4OeJ6tUrWhDw==",
      "engines": {
        "node": ">=0.10.0"
      }
    },
    "node_modules/tslib": {
      "version": "2.5.0",
      "resolved": "https://registry.npmjs.org/tslib/-/tslib-2.5.0.tgz",
      "integrity": "sha512-336iVw3rtn2BUK7ORdIAHTyxHGRIHVReokCR3XjbckJMK7ms8FysBfhLR8IXnAgy7T0PTPNBWKiH514FOW/WSg=="
    },
    "node_modules/typescript": {
      "version": "4.9.5",
      "resolved": "https://registry.npmjs.org/typescript/-/typescript-4.9.5.tgz",
      "integrity": "sha512-1FXk9E2Hm+QzZQ7z+McJiHL4NW1F2EzMu9Nq9i3zAaGqibafqYwCVU6WyWAuyQRRzOlxou8xZSyXLEN8oKj24g==",
      "bin": {
        "tsc": "bin/tsc",
        "tsserver": "bin/tsserver"
      },
      "engines": {
        "node": ">=4.2.0"
      }
    }
  },
  "dependencies": {
    "@next/env": {
      "version": "13.2.1",
      "resolved": "https://registry.npmjs.org/@next/env/-/env-13.2.1.tgz",
      "integrity": "sha512-Hq+6QZ6kgmloCg8Kgrix+4F0HtvLqVK3FZAnlAoS0eonaDemHe1Km4kwjSWRE3JNpJNcKxFHF+jsZrYo0SxWoQ=="
    },
    "@next/swc-android-arm-eabi": {
      "version": "13.2.1",
      "resolved": "https://registry.npmjs.org/@next/swc-android-arm-eabi/-/swc-android-arm-eabi-13.2.1.tgz",
      "integrity": "sha512-Yua7mUpEd1wzIT6Jjl3dpRizIfGp9NR4F2xeRuQv+ae+SDI1Em2WyM9m46UL+oeW5GpMiEHoaBagr47RScZFmQ==",
      "optional": true
    },
    "@next/swc-android-arm64": {
      "version": "13.2.1",
      "resolved": "https://registry.npmjs.org/@next/swc-android-arm64/-/swc-android-arm64-13.2.1.tgz",
      "integrity": "sha512-Bifcr2f6VwInOdq1uH/9lp8fH7Nf7XGkIx4XceVd32LPJqG2c6FZU8ZRBvTdhxzXVpt5TPtuXhOP4Ij9UPqsVw==",
      "optional": true
    },
    "@next/swc-darwin-arm64": {
      "version": "13.2.1",
      "resolved": "https://registry.npmjs.org/@next/swc-darwin-arm64/-/swc-darwin-arm64-13.2.1.tgz",
      "integrity": "sha512-gvqm+fGMYxAkwBapH0Vvng5yrb6HTkIvZfY4oEdwwYrwuLdkjqnJygCMgpNqIFmAHSXgtlWxfYv1VC8sjN81Kw==",
      "optional": true
    },
    "@next/swc-darwin-x64": {
      "version": "13.2.1",
      "resolved": "https://registry.npmjs.org/@next/swc-darwin-x64/-/swc-darwin-x64-13.2.1.tgz",
      "integrity": "sha512-HGqVqmaZWj6zomqOZUVbO5NhlABL0iIaxTmd0O5B0MoMa5zpDGoaHSG+fxgcWMXcGcxmUNchv1NfNOYiTKoHOg==",
      "optional": true
    },
    "@next/swc-freebsd-x64": {
      "version": "13.2.1",
      "resolved": "https://registry.npmjs.org/@next/swc-freebsd-x64/-/swc-freebsd-x64-13.2.1.tgz",
      "integrity": "sha512-N/a4JarAq+E+g+9K2ywJUmDIgU2xs2nA+BBldH0oq4zYJMRiUhL0iaN9G4e72VmGOJ61L/3W6VN8RIUOwTLoqQ==",
      "optional": true
    },
    "@next/swc-linux-arm-gnueabihf": {
      "version": "13.2.1",
      "resolved": "https://registry.npmjs.org/@next/swc-linux-arm-gnueabihf/-/swc-linux-arm-gnueabihf-13.2.1.tgz",
      "integrity": "sha512-WaFoerF/eRbhbE57TaIGJXbQAERADZ/RZ45u6qox9beb5xnWsyYgzX+WuN7Tkhyvga0/aMuVYFzS9CEay7D+bw==",
      "optional": true
    },
    "@next/swc-linux-arm64-gnu": {
      "version": "13.2.1",
      "resolved": "https://registry.npmjs.org/@next/swc-linux-arm64-gnu/-/swc-linux-arm64-gnu-13.2.1.tgz",
      "integrity": "sha512-R+Jhc1/RJTnncE9fkePboHDNOCm1WJ8daanWbjKhfPySMyeniKYRwGn5SLYW3S8YlRS0QVdZaaszDSZWgUcsmA==",
      "optional": true
    },
    "@next/swc-linux-arm64-musl": {
      "version": "13.2.1",
      "resolved": "https://registry.npmjs.org/@next/swc-linux-arm64-musl/-/swc-linux-arm64-musl-13.2.1.tgz",
      "integrity": "sha512-oI1UfZPidGAVddlL2eOTmfsuKV9EaT1aktIzVIxIAgxzQSdwsV371gU3G55ggkurzfdlgF3GThFePDWF0d8dmw==",
      "optional": true
    },
    "@next/swc-linux-x64-gnu": {
      "version": "13.2.1",
      "resolved": "https://registry.npmjs.org/@next/swc-linux-x64-gnu/-/swc-linux-x64-gnu-13.2.1.tgz",
      "integrity": "sha512-PCygPwrQmS+7WUuAWWioWMZCzZm4PG91lfRxToLDg7yIm/3YfAw5N2EK2TaM9pzlWdvHQAqRMX/oLvv027xUiA==",
      "optional": true
    },
    "@next/swc-linux-x64-musl": {
      "version": "13.2.1",
      "resolved": "https://registry.npmjs.org/@next/swc-linux-x64-musl/-/swc-linux-x64-musl-13.2.1.tgz",
      "integrity": "sha512-sUAKxo7CFZYGHNxheGh9nIBElLYBM6md/liEGfOTwh/xna4/GTTcmkGWkF7PdnvaYNgcPIQgHIMYiAa6yBKAVw==",
      "optional": true
    },
    "@next/swc-win32-arm64-msvc": {
      "version": "13.2.1",
      "resolved": "https://registry.npmjs.org/@next/swc-win32-arm64-msvc/-/swc-win32-arm64-msvc-13.2.1.tgz",
      "integrity": "sha512-qDmyEjDBpl/vBXxuOOKKWmPQOcARcZIMach1s7kjzaien0SySut/PHRlj56sosa81Wt4hTGhfhZ1R7g1n7+B8w==",
      "optional": true
    },
    "@next/swc-win32-ia32-msvc": {
      "version": "13.2.1",
      "resolved": "https://registry.npmjs.org/@next/swc-win32-ia32-msvc/-/swc-win32-ia32-msvc-13.2.1.tgz",
      "integrity": "sha512-2joqFQ81ZYPg6DcikIzQn3DgjKglNhPAozx6dL5sCNkr1CPMD0YIkJgT3CnYyMHQ04Qi3Npv0XX3MD6LJO8OCA==",
      "optional": true
    },
    "@next/swc-win32-x64-msvc": {
      "version": "13.2.1",
      "resolved": "https://registry.npmjs.org/@next/swc-win32-x64-msvc/-/swc-win32-x64-msvc-13.2.1.tgz",
      "integrity": "sha512-r3+0fSaIZT6N237iMzwUhfNwjhAFvXjqB+4iuW+wcpxW+LHm1g/IoxN8eSRcb8jPItC86JxjAxpke0QL97qd6g==",
      "optional": true
    },
    "@swc/helpers": {
      "version": "0.4.14",
      "resolved": "https://registry.npmjs.org/@swc/helpers/-/helpers-0.4.14.tgz",
      "integrity": "sha512-4C7nX/dvpzB7za4Ql9K81xK3HPxCpHMgwTZVyf+9JQ6VUbn9jjZVN7/Nkdz/Ugzs2CSjqnL/UPXroiVBVHUWUw==",
      "requires": {
        "tslib": "^2.4.0"
      }
    },
    "@types/node": {
      "version": "18.14.2",
      "resolved": "https://registry.npmjs.org/@types/node/-/node-18.14.2.tgz",
      "integrity": "sha512-1uEQxww3DaghA0RxqHx0O0ppVlo43pJhepY51OxuQIKHpjbnYLA7vcdwioNPzIqmC2u3I/dmylcqjlh0e7AyUA=="
    },
    "@types/prop-types": {
      "version": "15.7.5",
      "resolved": "https://registry.npmjs.org/@types/prop-types/-/prop-types-15.7.5.tgz",
      "integrity": "sha512-JCB8C6SnDoQf0cNycqd/35A7MjcnK+ZTqE7judS6o7utxUCg6imJg3QK2qzHKszlTjcj2cn+NwMB2i96ubpj7w=="
    },
    "@types/react": {
      "version": "18.0.28",
      "resolved": "https://registry.npmjs.org/@types/react/-/react-18.0.28.tgz",
      "integrity": "sha512-RD0ivG1kEztNBdoAK7lekI9M+azSnitIn85h4iOiaLjaTrMjzslhaqCGaI4IyCJ1RljWiLCEu4jyrLLgqxBTew==",
      "requires": {
        "@types/prop-types": "*",
        "@types/scheduler": "*",
        "csstype": "^3.0.2"
      }
    },
    "@types/react-dom": {
      "version": "18.0.11",
      "resolved": "https://registry.npmjs.org/@types/react-dom/-/react-dom-18.0.11.tgz",
      "integrity": "sha512-O38bPbI2CWtgw/OoQoY+BRelw7uysmXbWvw3nLWO21H1HSh+GOlqPuXshJfjmpNlKiiSDG9cc1JZAaMmVdcTlw==",
      "requires": {
        "@types/react": "*"
      }
    },
    "@types/scheduler": {
      "version": "0.16.2",
      "resolved": "https://registry.npmjs.org/@types/scheduler/-/scheduler-0.16.2.tgz",
      "integrity": "sha512-hppQEBDmlwhFAXKJX2KnWLYu5yMfi91yazPb2l+lbJiwW+wdo1gNeRA+3RgNSO39WYX2euey41KEwnqesU2Jew=="
    },
    "caniuse-lite": {
      "version": "1.0.30001458",
      "resolved": "https://registry.npmjs.org/caniuse-lite/-/caniuse-lite-1.0.30001458.tgz",
      "integrity": "sha512-lQ1VlUUq5q9ro9X+5gOEyH7i3vm+AYVT1WDCVB69XOZ17KZRhnZ9J0Sqz7wTHQaLBJccNCHq8/Ww5LlOIZbB0w=="
    },
    "client-only": {
      "version": "0.0.1",
      "resolved": "https://registry.npmjs.org/client-only/-/client-only-0.0.1.tgz",
      "integrity": "sha512-IV3Ou0jSMzZrd3pZ48nLkT9DA7Ag1pnPzaiQhpW7c3RbcqqzvzzVu+L8gfqMp/8IM2MQtSiqaCxrrcfu8I8rMA=="
    },
    "csstype": {
      "version": "3.1.1",
      "resolved": "https://registry.npmjs.org/csstype/-/csstype-3.1.1.tgz",
      "integrity": "sha512-DJR/VvkAvSZW9bTouZue2sSxDwdTN92uHjqeKVm+0dAqdfNykRzQ95tay8aXMBAAPpUiq4Qcug2L7neoRh2Egw=="
    },
    "flagsmith-es": {
      "version": "3.17.0-beta-7",
      "resolved": "https://registry.npmjs.org/flagsmith-es/-/flagsmith-es-3.17.0-beta-7.tgz",
      "integrity": "sha512-tkK2JMYek1u1A0peitlEYNSMTO0dVEk++d0+px5fzvwrRqYSfFuQhv+aOr1pcPA3/xEJfvCvNDfZIZTwD28d5w=="
    },
    "js-tokens": {
      "version": "4.0.0",
      "resolved": "https://registry.npmjs.org/js-tokens/-/js-tokens-4.0.0.tgz",
      "integrity": "sha512-RdJUflcE3cUzKiMqQgsCu06FPu9UdIJO0beYbPhHN4k6apgJtifcoCtT9bcxOpYBtpD2kCM6Sbzg4CausW/PKQ=="
    },
    "loose-envify": {
      "version": "1.4.0",
      "resolved": "https://registry.npmjs.org/loose-envify/-/loose-envify-1.4.0.tgz",
      "integrity": "sha512-lyuxPGr/Wfhrlem2CL/UcnUc1zcqKAImBDzukY7Y5F/yQiNdko6+fRLevlw1HgMySw7f611UIY408EtxRSoK3Q==",
      "requires": {
        "js-tokens": "^3.0.0 || ^4.0.0"
      }
    },
    "nanoid": {
      "version": "3.3.4",
      "resolved": "https://registry.npmjs.org/nanoid/-/nanoid-3.3.4.tgz",
      "integrity": "sha512-MqBkQh/OHTS2egovRtLk45wEyNXwF+cokD+1YPf9u5VfJiRdAiRwB2froX5Co9Rh20xs4siNPm8naNotSD6RBw=="
    },
    "next": {
      "version": "13.2.1",
      "resolved": "https://registry.npmjs.org/next/-/next-13.2.1.tgz",
      "integrity": "sha512-qhgJlDtG0xidNViJUPeQHLGJJoT4zDj/El7fP3D3OzpxJDUfxsm16cK4WTMyvSX1ciIfAq05u+0HqFAa+VJ+Hg==",
      "requires": {
        "@next/env": "13.2.1",
        "@next/swc-android-arm-eabi": "13.2.1",
        "@next/swc-android-arm64": "13.2.1",
        "@next/swc-darwin-arm64": "13.2.1",
        "@next/swc-darwin-x64": "13.2.1",
        "@next/swc-freebsd-x64": "13.2.1",
        "@next/swc-linux-arm-gnueabihf": "13.2.1",
        "@next/swc-linux-arm64-gnu": "13.2.1",
        "@next/swc-linux-arm64-musl": "13.2.1",
        "@next/swc-linux-x64-gnu": "13.2.1",
        "@next/swc-linux-x64-musl": "13.2.1",
        "@next/swc-win32-arm64-msvc": "13.2.1",
        "@next/swc-win32-ia32-msvc": "13.2.1",
        "@next/swc-win32-x64-msvc": "13.2.1",
        "@swc/helpers": "0.4.14",
        "caniuse-lite": "^1.0.30001406",
        "postcss": "8.4.14",
        "styled-jsx": "5.1.1"
      },
      "dependencies": {
        "styled-jsx": {
          "version": "5.1.1",
          "resolved": "https://registry.npmjs.org/styled-jsx/-/styled-jsx-5.1.1.tgz",
          "integrity": "sha512-pW7uC1l4mBZ8ugbiZrcIsiIvVx1UmTfw7UkC3Um2tmfUq9Bhk8IiyEIPl6F8agHgjzku6j0xQEZbfA5uSgSaCw==",
          "requires": {
            "client-only": "0.0.1"
          }
        }
      }
    },
    "picocolors": {
      "version": "1.0.0",
      "resolved": "https://registry.npmjs.org/picocolors/-/picocolors-1.0.0.tgz",
      "integrity": "sha512-1fygroTLlHu66zi26VoTDv8yRgm0Fccecssto+MhsZ0D/DGW2sm8E8AjW7NU5VVTRt5GxbeZ5qBuJr+HyLYkjQ=="
    },
    "postcss": {
      "version": "8.4.14",
      "resolved": "https://registry.npmjs.org/postcss/-/postcss-8.4.14.tgz",
      "integrity": "sha512-E398TUmfAYFPBSdzgeieK2Y1+1cpdxJx8yXbK/m57nRhKSmk1GB2tO4lbLBtlkfPQTDKfe4Xqv1ASWPpayPEig==",
      "requires": {
        "nanoid": "^3.3.4",
        "picocolors": "^1.0.0",
        "source-map-js": "^1.0.2"
      }
    },
    "react": {
      "version": "18.3.0-next-fecc288b7-20221025",
      "resolved": "https://registry.npmjs.org/react/-/react-18.3.0-next-fecc288b7-20221025.tgz",
      "integrity": "sha512-lKvCNWRO9XPy8q7hLd0ODK/4Oqr54r3Vr49Y7EyNBz/kfsmNT6Vx0F69KRz/eGcbt1XDvtbA7KZd+mh8w3wONQ==",
      "requires": {
        "loose-envify": "^1.1.0"
      }
    },
    "react-dom": {
      "version": "18.3.0-next-fecc288b7-20221025",
      "resolved": "https://registry.npmjs.org/react-dom/-/react-dom-18.3.0-next-fecc288b7-20221025.tgz",
      "integrity": "sha512-EczZNIcOXzLFyPhSXpplVFekfUvbtHRC68TVAPfCopn8YxjMg2ROVgYs1VdSnEu2JlXKvpeIbjexAuhDprsp/A==",
      "requires": {
        "loose-envify": "^1.1.0",
        "scheduler": "0.24.0-next-fecc288b7-20221025"
      }
    },
    "scheduler": {
      "version": "0.24.0-next-fecc288b7-20221025",
      "resolved": "https://registry.npmjs.org/scheduler/-/scheduler-0.24.0-next-fecc288b7-20221025.tgz",
      "integrity": "sha512-D2r7z/2EbRXXz4k8XRQab2l71zARIwmZzLLGPAM936/dW1iF835+FMwnOe4Iep96vNJAdQavqJBP4Fm+/MadsQ==",
      "requires": {
        "loose-envify": "^1.1.0"
      }
    },
    "source-map-js": {
      "version": "1.0.2",
      "resolved": "https://registry.npmjs.org/source-map-js/-/source-map-js-1.0.2.tgz",
      "integrity": "sha512-R0XvVJ9WusLiqTCEiGCmICCMplcCkIwwR11mOSD9CR5u+IXYdiseeEuXCVAjS54zqwkLcPNnmU4OeJ6tUrWhDw=="
    },
    "tslib": {
      "version": "2.5.0",
      "resolved": "https://registry.npmjs.org/tslib/-/tslib-2.5.0.tgz",
      "integrity": "sha512-336iVw3rtn2BUK7ORdIAHTyxHGRIHVReokCR3XjbckJMK7ms8FysBfhLR8IXnAgy7T0PTPNBWKiH514FOW/WSg=="
    },
    "typescript": {
      "version": "4.9.5",
      "resolved": "https://registry.npmjs.org/typescript/-/typescript-4.9.5.tgz",
      "integrity": "sha512-1FXk9E2Hm+QzZQ7z+McJiHL4NW1F2EzMu9Nq9i3zAaGqibafqYwCVU6WyWAuyQRRzOlxou8xZSyXLEN8oKj24g=="
    }
  }
}
