{
  "name": "@flagsmith/react-native",
  "version": "11.0.0",
  "lockfileVersion": 3,
  "requires": true,
  "packages": {
    "": {
      "name": "@flagsmith/react-native",
      "version": "11.0.0",
      "license": "BSD-3-Clause",
      "peerDependencies": {
        "react-native": ">=0.20.0"
      }
    }
  }
}
