{
  "name": "react-native-flagsmith",
  "version": "3.20.0",
  "lockfileVersion": 2,
  "requires": true,
  "packages": {
    "": {
      "name": "react-native-flagsmith",
      "version": "3.20.0",
      "license": "MIT",
      "peerDependencies": {
        "react-native": ">=0.20.0"
      }
    }
  }
}
